// !$*UTF8*$!
{
	archiveVersion = 1;
	classes = {
	};
	objectVersion = 46;
	objects = {

/* Begin PBXBuildFile section */
		687D3E901C0F92F500D4F4EA /* AppDelegate.swift in Sources */ = {isa = PBXBuildFile; fileRef = 687D3E8F1C0F92F500D4F4EA /* AppDelegate.swift */; };
		687D3E921C0F92F500D4F4EA /* ViewController.swift in Sources */ = {isa = PBXBuildFile; fileRef = 687D3E911C0F92F500D4F4EA /* ViewController.swift */; };
		687D3E951C0F92F500D4F4EA /* Main.storyboard in Resources */ = {isa = PBXBuildFile; fileRef = 687D3E931C0F92F500D4F4EA /* Main.storyboard */; };
		687D3E971C0F92F500D4F4EA /* Assets.xcassets in Resources */ = {isa = PBXBuildFile; fileRef = 687D3E961C0F92F500D4F4EA /* Assets.xcassets */; };
		687D3E9A1C0F92F500D4F4EA /* LaunchScreen.storyboard in Resources */ = {isa = PBXBuildFile; fileRef = 687D3E981C0F92F500D4F4EA /* LaunchScreen.storyboard */; };
/* End PBXBuildFile section */

/* Begin PBXFileReference section */
		687D3E8C1C0F92F500D4F4EA /* meme.app */ = {isa = PBXFileReference; explicitFileType = wrapper.application; includeInIndex = 0; path = meme.app; sourceTree = BUILT_PRODUCTS_DIR; };
		687D3E8F1C0F92F500D4F4EA /* AppDelegate.swift */ = {isa = PBXFileReference; lastKnownFileType = sourcecode.swift; path = AppDelegate.swift; sourceTree = "<group>"; };
		687D3E911C0F92F500D4F4EA /* ViewController.swift */ = {isa = PBXFileReference; lastKnownFileType = sourcecode.swift; path = ViewController.swift; sourceTree = "<group>"; };
		687D3E941C0F92F500D4F4EA /* Base */ = {isa = PBXFileReference; lastKnownFileType = file.storyboard; name = Base; path = Base.lproj/Main.storyboard; sourceTree = "<group>"; };
		687D3E961C0F92F500D4F4EA /* Assets.xcassets */ = {isa = PBXFileReference; lastKnownFileType = folder.assetcatalog; path = Assets.xcassets; sourceTree = "<group>"; };
		687D3E991C0F92F500D4F4EA /* Base */ = {isa = PBXFileReference; lastKnownFileType = file.storyboard; name = Base; path = Base.lproj/LaunchScreen.storyboard; sourceTree = "<group>"; };
		687D3E9B1C0F92F500D4F4EA /* Info.plist */ = {isa = PBXFileReference; lastKnownFileType = text.plist.xml; path = Info.plist; sourceTree = "<group>"; };
/* End PBXFileReference section */

/* Begin PBXFrameworksBuildPhase section */
		687D3E891C0F92F500D4F4EA /* Frameworks */ = {
			isa = PBXFrameworksBuildPhase;
			buildActionMask = 2147483647;
			files = (
			);
			runOnlyForDeploymentPostprocessing = 0;
		};
/* End PBXFrameworksBuildPhase section */

/* Begin PBXGroup section */
		687D3E831C0F92F500D4F4EA = {
			isa = PBXGroup;
			children = (
				687D3E8E1C0F92F500D4F4EA /* meme */,
				687D3E8D1C0F92F500D4F4EA /* Products */,
			);
			sourceTree = "<group>";
		};
		687D3E8D1C0F92F500D4F4EA /* Products */ = {
			isa = PBXGroup;
			children = (
				687D3E8C1C0F92F500D4F4EA /* meme.app */,
			);
			name = Products;
			sourceTree = "<group>";
		};
		687D3E8E1C0F92F500D4F4EA /* meme */ = {
			isa = PBXGroup;
			children = (
				687D3E8F1C0F92F500D4F4EA /* AppDelegate.swift */,
				687D3E911C0F92F500D4F4EA /* ViewController.swift */,
				687D3E931C0F92F500D4F4EA /* Main.storyboard */,
				687D3E961C0F92F500D4F4EA /* Assets.xcassets */,
				687D3E981C0F92F500D4F4EA /* LaunchScreen.storyboard */,
				687D3E9B1C0F92F500D4F4EA /* Info.plist */,
			);
			path = meme;
			sourceTree = "<group>";
		};
/* End PBXGroup section */

/* Begin PBXNativeTarget section */
		687D3E8B1C0F92F500D4F4EA /* meme */ = {
			isa = PBXNativeTarget;
			buildConfigurationList = 687D3E9E1C0F92F500D4F4EA /* Build configuration list for PBXNativeTarget "meme" */;
			buildPhases = (
				687D3E881C0F92F500D4F4EA /* Sources */,
				687D3E891C0F92F500D4F4EA /* Frameworks */,
				687D3E8A1C0F92F500D4F4EA /* Resources */,
			);
			buildRules = (
			);
			dependencies = (
			);
			name = meme;
			productName = meme;
			productReference = 687D3E8C1C0F92F500D4F4EA /* meme.app */;
			productType = "com.apple.product-type.application";
		};
/* End PBXNativeTarget section */

/* Begin PBXProject section */
		687D3E841C0F92F500D4F4EA /* Project object */ = {
			isa = PBXProject;
			attributes = {
				LastSwiftUpdateCheck = 0710;
				LastUpgradeCheck = 0710;
				ORGANIZATIONNAME = "Evan Scharfer";
				TargetAttributes = {
					687D3E8B1C0F92F500D4F4EA = {
						CreatedOnToolsVersion = 7.1.1;
					};
				};
			};
			buildConfigurationList = 687D3E871C0F92F500D4F4EA /* Build configuration list for PBXProject "meme" */;
			compatibilityVersion = "Xcode 3.2";
			developmentRegion = English;
			hasScannedForEncodings = 0;
			knownRegions = (
				en,
				Base,
			);
			mainGroup = 687D3E831C0F92F500D4F4EA;
			productRefGroup = 687D3E8D1C0F92F500D4F4EA /* Products */;
			projectDirPath = "";
			projectRoot = "";
			targets = (
				687D3E8B1C0F92F500D4F4EA /* meme */,
			);
		};
/* End PBXProject section */

/* Begin PBXResourcesBuildPhase section */
		687D3E8A1C0F92F500D4F4EA /* Resources */ = {
			isa = PBXResourcesBuildPhase;
			buildActionMask = 2147483647;
			files = (
				687D3E9A1C0F92F500D4F4EA /* LaunchScreen.storyboard in Resources */,
				687D3E971C0F92F500D4F4EA /* Assets.xcassets in Resources */,
				687D3E951C0F92F500D4F4EA /* Main.storyboard in Resources */,
			);
			runOnlyForDeploymentPostprocessing = 0;
		};
/* End PBXResourcesBuildPhase section */

/* Begin PBXSourcesBuildPhase section */
		687D3E881C0F92F500D4F4EA /* Sources */ = {
			isa = PBXSourcesBuildPhase;
			buildActionMask = 2147483647;
			files = (
				687D3E921C0F92F500D4F4EA /* ViewController.swift in Sources */,
				687D3E901C0F92F500D4F4EA /* AppDelegate.swift in Sources */,
			);
			runOnlyForDeploymentPostprocessing = 0;
		};
/* End PBXSourcesBuildPhase section */

/* Begin PBXVariantGroup section */
		687D3E931C0F92F500D4F4EA /* Main.storyboard */ = {
			isa = PBXVariantGroup;
			children = (
				687D3E941C0F92F500D4F4EA /* Base */,
			);
			name = Main.storyboard;
			sourceTree = "<group>";
		};
		687D3E981C0F92F500D4F4EA /* LaunchScreen.storyboard */ = {
			isa = PBXVariantGroup;
			children = (
				687D3E991C0F92F500D4F4EA /* Base */,
			);
			name = LaunchScreen.storyboard;
			sourceTree = "<group>";
		};
/* End PBXVariantGroup section */

/* Begin XCBuildConfiguration section */
		687D3E9C1C0F92F500D4F4EA /* Debug */ = {
			isa = XCBuildConfiguration;
			buildSettings = {
				ALWAYS_SEARCH_USER_PATHS = NO;
				CLANG_CXX_LANGUAGE_STANDARD = "gnu++0x";
				CLANG_CXX_LIBRARY = "libc++";
				CLANG_ENABLE_MODULES = YES;
				CLANG_ENABLE_OBJC_ARC = YES;
				CLANG_WARN_BOOL_CONVERSION = YES;
				CLANG_WARN_CONSTANT_CONVERSION = YES;
				CLANG_WARN_DIRECT_OBJC_ISA_USAGE = YES_ERROR;
				CLANG_WARN_EMPTY_BODY = YES;
				CLANG_WARN_ENUM_CONVERSION = YES;
				CLANG_WARN_INT_CONVERSION = YES;
				CLANG_WARN_OBJC_ROOT_CLASS = YES_ERROR;
				CLANG_WARN_UNREACHABLE_CODE = YES;
				CLANG_WARN__DUPLICATE_METHOD_MATCH = YES;
				"CODE_SIGN_IDENTITY[sdk=iphoneos*]" = "iPhone Developer";
				COPY_PHASE_STRIP = NO;
				DEBUG_INFORMATION_FORMAT = dwarf;
				ENABLE_STRICT_OBJC_MSGSEND = YES;
				ENABLE_TESTABILITY = YES;
				GCC_C_LANGUAGE_STANDARD = gnu99;
				GCC_DYNAMIC_NO_PIC = NO;
				GCC_NO_COMMON_BLOCKS = YES;
				GCC_OPTIMIZATION_LEVEL = 0;
				GCC_PREPROCESSOR_DEFINITIONS = (
					"DEBUG=1",
					"$(inherited)",
				);
				GCC_WARN_64_TO_32_BIT_CONVERSION = YES;
				GCC_WARN_ABOUT_RETURN_TYPE = YES_ERROR;
				GCC_WARN_UNDECLARED_SELECTOR = YES;
				GCC_WARN_UNINITIALIZED_AUTOS = YES_AGGRESSIVE;
				GCC_WARN_UNUSED_FUNCTION = YES;
				GCC_WARN_UNUSED_VARIABLE = YES;
				IPHONEOS_DEPLOYMENT_TARGET = 9.1;
				MTL_ENABLE_DEBUG_INFO = YES;
				ONLY_ACTIVE_ARCH = YES;
				SDKROOT = iphoneos;
				SWIFT_OPTIMIZATION_LEVEL = "-Onone";
				TARGETED_DEVICE_FAMILY = "1,2";
			};
			name = Debug;
		};
		687D3E9D1C0F92F500D4F4EA /* Release */ = {
			isa = XCBuildConfiguration;
			buildSettings = {
				ALWAYS_SEARCH_USER_PATHS = NO;
				CLANG_CXX_LANGUAGE_STANDARD = "gnu++0x";
				CLANG_CXX_LIBRARY = "libc++";
				CLANG_ENABLE_MODULES = YES;
				CLANG_ENABLE_OBJC_ARC = YES;
				CLANG_WARN_BOOL_CONVERSION = YES;
				CLANG_WARN_CONSTANT_CONVERSION = YES;
				CLANG_WARN_DIRECT_OBJC_ISA_USAGE = YES_ERROR;
				CLANG_WARN_EMPTY_BODY = YES;
				CLANG_WARN_ENUM_CONVERSION = YES;
				CLANG_WARN_INT_CONVERSION = YES;
				CLANG_WARN_OBJC_ROOT_CLASS = YES_ERROR;
				CLANG_WARN_UNREACHABLE_CODE = YES;
				CLANG_WARN__DUPLICATE_METHOD_MATCH = YES;
				"CODE_SIGN_IDENTITY[sdk=iphoneos*]" = "iPhone Developer";
				COPY_PHASE_STRIP = NO;
				DEBUG_INFORMATION_FORMAT = "dwarf-with-dsym";
				ENABLE_NS_ASSERTIONS = NO;
				ENABLE_STRICT_OBJC_MSGSEND = YES;
				GCC_C_LANGUAGE_STANDARD = gnu99;
				GCC_NO_COMMON_BLOCKS = YES;
				GCC_WARN_64_TO_32_BIT_CONVERSION = YES;
				GCC_WARN_ABOUT_RETURN_TYPE = YES_ERROR;
				GCC_WARN_UNDECLARED_SELECTOR = YES;
				GCC_WARN_UNINITIALIZED_AUTOS = YES_AGGRESSIVE;
				GCC_WARN_UNUSED_FUNCTION = YES;
				GCC_WARN_UNUSED_VARIABLE = YES;
				IPHONEOS_DEPLOYMENT_TARGET = 9.1;
				MTL_ENABLE_DEBUG_INFO = NO;
				SDKROOT = iphoneos;
				TARGETED_DEVICE_FAMILY = "1,2";
				VALIDATE_PRODUCT = YES;
			};
			name = Release;
		};
		687D3E9F1C0F92F500D4F4EA /* Debug */ = {
			isa = XCBuildConfiguration;
			buildSettings = {
				ASSETCATALOG_COMPILER_APPICON_NAME = AppIcon;
				INFOPLIST_FILE = meme/Info.plist;
				LD_RUNPATH_SEARCH_PATHS = "$(inherited) @executable_path/Frameworks";
				PRODUCT_BUNDLE_IDENTIFIER = com.evan.meme;
				PRODUCT_NAME = "$(TARGET_NAME)";
			};
			name = Debug;
		};
		687D3EA01C0F92F500D4F4EA /* Release */ = {
			isa = XCBuildConfiguration;
			buildSettings = {
				ASSETCATALOG_COMPILER_APPICON_NAME = AppIcon;
				INFOPLIST_FILE = meme/Info.plist;
				LD_RUNPATH_SEARCH_PATHS = "$(inherited) @executable_path/Frameworks";
				PRODUCT_BUNDLE_IDENTIFIER = com.evan.meme;
				PRODUCT_NAME = "$(TARGET_NAME)";
			};
			name = Release;
		};
/* End XCBuildConfiguration section */

/* Begin XCConfigurationList section */
		687D3E871C0F92F500D4F4EA /* Build configuration list for PBXProject "meme" */ = {
			isa = XCConfigurationList;
			buildConfigurations = (
				687D3E9C1C0F92F500D4F4EA /* Debug */,
				687D3E9D1C0F92F500D4F4EA /* Release */,
			);
			defaultConfigurationIsVisible = 0;
			defaultConfigurationName = Release;
		};
		687D3E9E1C0F92F500D4F4EA /* Build configuration list for PBXNativeTarget "meme" */ = {
			isa = XCConfigurationList;
			buildConfigurations = (
				687D3E9F1C0F92F500D4F4EA /* Debug */,
				687D3EA01C0F92F500D4F4EA /* Release */,
			);
			defaultConfigurationIsVisible = 0;
		};
/* End XCConfigurationList section */
	};
	rootObject = 687D3E841C0F92F500D4F4EA /* Project object */;
}
